
Microsoft Visual Studio Solution File, Format Version 12.00
# Visual Studio 14
VisualStudioVersion = 14.0.23107.0
MinimumVisualStudioVersion = 10.0.40219.1
Project("{FAE04EC0-301F-11D3-BF4B-00C04F79EFBC}") = "JustGivingDitTest", "JustGivingDitTest\JustGivingDitTest.csproj", "{32C7191C-524C-41F5-87CA-C3CF3316878F}"
EndProject
Global
	GlobalSection(SolutionConfigurationPlatforms) = preSolution
		Debug|Any CPU = Debug|Any CPU
		Release|Any CPU = Release|Any CPU
	EndGlobalSection
	GlobalSection(ProjectConfigurationPlatforms) = postSolution
		{32C7191C-524C-41F5-87CA-C3CF3316878F}.Debug|Any CPU.ActiveCfg = Debug|Any CPU
		{32C7191C-524C-41F5-87CA-C3CF3316878F}.Debug|Any CPU.Build.0 = Debug|Any CPU
		{32C7191C-524C-41F5-87CA-C3CF3316878F}.Release|Any CPU.ActiveCfg = Release|Any CPU
		{32C7191C-524C-41F5-87CA-C3CF3316878F}.Release|Any CPU.Build.0 = Release|Any CPU
	EndGlobalSection
	GlobalSection(SolutionProperties) = preSolution
		HideSolutionNode = FALSE
	EndGlobalSection
EndGlobal
